
Microsoft Visual Studio Solution File, Format Version 12.00
# Visual Studio 14
VisualStudioVersion = 14.0.23107.0
MinimumVisualStudioVersion = 10.0.40219.1
Project("{CAA73BB0-EF22-4D79-A57E-DF67B3BA9C80}") = "Sitecore.SharedSource.Wildcard.TDS", "src\Sitecore.SharedSource.Wildcard.TDS\Sitecore.SharedSource.Wildcard.TDS.scproj", "{875C940F-084A-4912-9659-663C95490B66}"
EndProject
Project("{FAE04EC0-301F-11D3-BF4B-00C04F79EFBC}") = "Sitecore.SharedSource.Wildcard", "src\Sitecore.SharedSource.Wildcard\Sitecore.SharedSource.Wildcard\Sitecore.SharedSource.Wildcard.csproj", "{BA1901F1-4E62-49FC-9154-4AC6BB1F7811}"
EndProject
Global
	GlobalSection(SolutionConfigurationPlatforms) = preSolution
		Debug|Any CPU = Debug|Any CPU
		Release|Any CPU = Release|Any CPU
	EndGlobalSection
	GlobalSection(ProjectConfigurationPlatforms) = postSolution
		{875C940F-084A-4912-9659-663C95490B66}.Debug|Any CPU.ActiveCfg = Debug|Any CPU
		{875C940F-084A-4912-9659-663C95490B66}.Debug|Any CPU.Build.0 = Debug|Any CPU
		{875C940F-084A-4912-9659-663C95490B66}.Debug|Any CPU.Deploy.0 = Debug|Any CPU
		{875C940F-084A-4912-9659-663C95490B66}.Release|Any CPU.ActiveCfg = Release|Any CPU
		{875C940F-084A-4912-9659-663C95490B66}.Release|Any CPU.Build.0 = Release|Any CPU
		{875C940F-084A-4912-9659-663C95490B66}.Release|Any CPU.Deploy.0 = Release|Any CPU
		{BA1901F1-4E62-49FC-9154-4AC6BB1F7811}.Debug|Any CPU.ActiveCfg = Debug|Any CPU
		{BA1901F1-4E62-49FC-9154-4AC6BB1F7811}.Debug|Any CPU.Build.0 = Debug|Any CPU
		{BA1901F1-4E62-49FC-9154-4AC6BB1F7811}.Release|Any CPU.ActiveCfg = Release|Any CPU
		{BA1901F1-4E62-49FC-9154-4AC6BB1F7811}.Release|Any CPU.Build.0 = Release|Any CPU
	EndGlobalSection
	GlobalSection(SolutionProperties) = preSolution
		HideSolutionNode = FALSE
	EndGlobalSection
EndGlobal
